# This file is automatically @generated by Poetry 1.7.1 and should not be changed by hand.

[[package]]
name = "progressbar2"
version = "4.4.2"
description = "A Python Progressbar library to provide visual (yet text based) progress to long running operations."
optional = false
python-versions = ">=3.8"
files = [
    {file = "progressbar2-4.4.2-py3-none-any.whl", hash = "sha256:ec157391635b008b8a422326fb05c27045ffbb2dc8dab5e4d90d4d412c4ffd39"},
    {file = "progressbar2-4.4.2.tar.gz", hash = "sha256:3fda2e0c60693600a6585a784c9d3bc4e1dac57e99e133f8c0f5c8cf3df374a2"},
]

[package.dependencies]
python-utils = ">=3.8.1"

[package.extras]
docs = ["sphinx (>=1.8.5)", "sphinx-autodoc-typehints (>=1.6.0)"]
tests = ["dill (>=0.3.6)", "flake8 (>=3.7.7)", "freezegun (>=0.3.11)", "pytest (>=4.6.9)", "pytest-cov (>=2.6.1)", "pytest-mypy", "pywin32", "sphinx (>=1.8.5)"]

[[package]]
name = "python-utils"
version = "3.8.2"
description = "Python Utils is a module with some convenient utilities not included with the standard Python install"
optional = false
python-versions = ">3.8.0"
files = [
    {file = "python-utils-3.8.2.tar.gz", hash = "sha256:c5d161e4ca58ce3f8c540f035e018850b261a41e7cb98f6ccf8e1deb7174a1f1"},
    {file = "python_utils-3.8.2-py2.py3-none-any.whl", hash = "sha256:ad0ccdbd6f856d015cace07f74828b9840b5c4072d9e868a7f6a14fd195555a8"},
]

[package.dependencies]
typing-extensions = ">3.10.0.2"

[package.extras]
docs = ["mock", "python-utils", "sphinx"]
loguru = ["loguru"]
tests = ["flake8", "loguru", "pytest", "pytest-asyncio", "pytest-cov", "pytest-mypy", "sphinx", "types-setuptools"]

[[package]]
name = "typing-extensions"
version = "4.12.2"
description = "Backported and Experimental Type Hints for Python 3.8+"
optional = false
python-versions = ">=3.8"
files = [
    {file = "typing_extensions-4.12.2-py3-none-any.whl", hash = "sha256:04e5ca0351e0f3f85c6853954072df659d0d13fac324d0072316b67d7794700d"},
    {file = "typing_extensions-4.12.2.tar.gz", hash = "sha256:1a7ead55c7e559dd4dee8856e3a88b41225abfe1ce8df57b7c13915fe121ffb8"},
]

[metadata]
lock-version = "2.0"
python-versions = "^3.10"
content-hash = "b88570e19288e22a5d4b6a8c8ca4a7e20ac67fd823b01d2b6fa943852bbed165"
