# This file is automatically @generated by Poetry 1.8.3 and should not be changed by hand.

[[package]]
name = "progressbar2"
version = "4.5.0"
description = "A Python Progressbar library to provide visual (yet text based) progress to long running operations."
optional = false
python-versions = ">=3.8"
files = [
    {file = "progressbar2-4.5.0-py3-none-any.whl", hash = "sha256:625c94a54e63915b3959355e6d4aacd63a00219e5f3e2b12181b76867bf6f628"},
    {file = "progressbar2-4.5.0.tar.gz", hash = "sha256:6662cb624886ed31eb94daf61e27583b5144ebc7383a17bae076f8f4f59088fb"},
]

[package.dependencies]
python-utils = ">=3.8.1"

[package.extras]
docs = ["sphinx (>=1.8.5)", "sphinx-autodoc-typehints (>=1.6.0)"]
tests = ["dill (>=0.3.6)", "flake8 (>=3.7.7)", "freezegun (>=0.3.11)", "pytest (>=4.6.9)", "pytest-cov (>=2.6.1)", "pytest-mypy", "pywin32", "sphinx (>=1.8.5)"]

[[package]]
name = "python-utils"
version = "3.9.1"
description = "Python Utils is a module with some convenient utilities not included with the standard Python install"
optional = false
python-versions = ">=3.9.0"
files = [
    {file = "python_utils-3.9.1-py2.py3-none-any.whl", hash = "sha256:0273d7363c7ad4b70999b2791d5ba6b55333d6f7a4e4c8b6b39fb82b5fab4613"},
    {file = "python_utils-3.9.1.tar.gz", hash = "sha256:eb574b4292415eb230f094cbf50ab5ef36e3579b8f09e9f2ba74af70891449a0"},
]

[package.dependencies]
typing_extensions = ">3.10.0.2"

[package.extras]
docs = ["mock", "python-utils", "sphinx"]
loguru = ["loguru"]
tests = ["blessings", "loguru", "loguru-mypy", "mypy-ipython", "pyright", "pytest", "pytest-asyncio", "pytest-cov", "pytest-mypy", "ruff", "sphinx", "types-setuptools"]

[[package]]
name = "typing-extensions"
version = "4.12.2"
description = "Backported and Experimental Type Hints for Python 3.8+"
optional = false
python-versions = ">=3.8"
files = [
    {file = "typing_extensions-4.12.2-py3-none-any.whl", hash = "sha256:04e5ca0351e0f3f85c6853954072df659d0d13fac324d0072316b67d7794700d"},
    {file = "typing_extensions-4.12.2.tar.gz", hash = "sha256:1a7ead55c7e559dd4dee8856e3a88b41225abfe1ce8df57b7c13915fe121ffb8"},
]

[metadata]
lock-version = "2.0"
python-versions = "^3.10"
content-hash = "f06b4f44afef396aad44fc3c2164633f0e76193f90f1373c10dcc827466c20f5"
