# This file is automatically @generated by Poetry 1.7.0 and should not be changed by hand.

[[package]]
name = "progress"
version = "1.6"
description = "Easy to use progress bars"
optional = false
python-versions = "*"
files = [
    {file = "progress-1.6.tar.gz", hash = "sha256:c9c86e98b5c03fa1fe11e3b67c1feda4788b8d0fe7336c2ff7d5644ccfba34cd"},
]

[metadata]
lock-version = "2.0"
python-versions = "^3.10"
content-hash = "f9837e8914f5176290a9deb464530a7b317c5a1cc6a9c02605b940f37ce14df1"
